{
  "name": "demo",
  "private": true,
  "version": "0.0.0",
  "type": "module",
  "scripts": {
    "start": "node .src/test.js",
    "dev": "vite",
    "build": "vite build",
    "lint": "eslint ../../../../../../../../Downloads",
    "preview": "vite preview",
    "build:background": "vite build --mode background",
    "build:inject": "vite build --mode inject",
    "build:popup": "vite build",
    "build:all": "npm run build:popup && npm run build:background && npm run build:inject"
  },
  "dependencies": {
    "cors": "^2.8.5",
    "dotenv": "^16.6.0",
    "express": "^4.21.2",
    "fs": "^0.0.1-security",
    "moralis": "^2.27.2",
    "path": "^0.12.7",
    "react": "^18.3.1",
    "react-dom": "^18.3.1",
    "react-router-dom": "^7.6.2",
    "ws": "^8.18.2"
  },
  "devDependencies": {
    "@eslint/js": "^9.19.0",
    "@types/react": "^18.0.28",
    "@types/react-dom": "^18.0.11",
    "@vitejs/plugin-react": "^4.6.0",
    "eslint": "^9.19.0",
    "eslint-plugin-react": "^7.37.4",
    "eslint-plugin-react-hooks": "^5.0.0",
    "eslint-plugin-react-refresh": "^0.4.18",
    "globals": "^15.14.0",
    "vite": "^6.3.5",
    "vite-plugin-node-polyfills": "^0.23.0",
    "vite-plugin-static-copy": "^2.3.1"
  }
}